
Microsoft Visual Studio Solution File, Format Version 12.00
# Visual Studio Version 16
VisualStudioVersion = 16.0.31624.102
MinimumVisualStudioVersion = 10.0.40219.1
Project("{8BC9CEB8-8B4A-11D0-8D11-00A0C91BC942}") = "BinPoisk1", "BinPoisk1\BinPoisk1.vcxproj", "{68EFD6F4-47AF-4C9A-898A-D88EC845AB42}"
EndProject
Global
	GlobalSection(SolutionConfigurationPlatforms) = preSolution
		Debug|x64 = Debug|x64
		Debug|x86 = Debug|x86
		Release|x64 = Release|x64
		Release|x86 = Release|x86
	EndGlobalSection
	GlobalSection(ProjectConfigurationPlatforms) = postSolution
		{68EFD6F4-47AF-4C9A-898A-D88EC845AB42}.Debug|x64.ActiveCfg = Debug|x64
		{68EFD6F4-47AF-4C9A-898A-D88EC845AB42}.Debug|x64.Build.0 = Debug|x64
		{68EFD6F4-47AF-4C9A-898A-D88EC845AB42}.Debug|x86.ActiveCfg = Debug|Win32
		{68EFD6F4-47AF-4C9A-898A-D88EC845AB42}.Debug|x86.Build.0 = Debug|Win32
		{68EFD6F4-47AF-4C9A-898A-D88EC845AB42}.Release|x64.ActiveCfg = Release|x64
		{68EFD6F4-47AF-4C9A-898A-D88EC845AB42}.Release|x64.Build.0 = Release|x64
		{68EFD6F4-47AF-4C9A-898A-D88EC845AB42}.Release|x86.ActiveCfg = Release|Win32
		{68EFD6F4-47AF-4C9A-898A-D88EC845AB42}.Release|x86.Build.0 = Release|Win32
	EndGlobalSection
	GlobalSection(SolutionProperties) = preSolution
		HideSolutionNode = FALSE
	EndGlobalSection
	GlobalSection(ExtensibilityGlobals) = postSolution
		SolutionGuid = {201B6B2E-9C8A-49C1-B210-0222014743B9}
	EndGlobalSection
EndGlobal
