
Microsoft Visual Studio Solution File, Format Version 12.00
# Visual Studio Version 16
VisualStudioVersion = 16.0.31624.102
MinimumVisualStudioVersion = 10.0.40219.1
Project("{8BC9CEB8-8B4A-11D0-8D11-00A0C91BC942}") = "BFSutya", "BFSutya\BFSutya.vcxproj", "{0960E632-BC65-4B2A-961E-F1C0EE753281}"
EndProject
Global
	GlobalSection(SolutionConfigurationPlatforms) = preSolution
		Debug|x64 = Debug|x64
		Debug|x86 = Debug|x86
		Release|x64 = Release|x64
		Release|x86 = Release|x86
	EndGlobalSection
	GlobalSection(ProjectConfigurationPlatforms) = postSolution
		{0960E632-BC65-4B2A-961E-F1C0EE753281}.Debug|x64.ActiveCfg = Debug|x64
		{0960E632-BC65-4B2A-961E-F1C0EE753281}.Debug|x64.Build.0 = Debug|x64
		{0960E632-BC65-4B2A-961E-F1C0EE753281}.Debug|x86.ActiveCfg = Debug|Win32
		{0960E632-BC65-4B2A-961E-F1C0EE753281}.Debug|x86.Build.0 = Debug|Win32
		{0960E632-BC65-4B2A-961E-F1C0EE753281}.Release|x64.ActiveCfg = Release|x64
		{0960E632-BC65-4B2A-961E-F1C0EE753281}.Release|x64.Build.0 = Release|x64
		{0960E632-BC65-4B2A-961E-F1C0EE753281}.Release|x86.ActiveCfg = Release|Win32
		{0960E632-BC65-4B2A-961E-F1C0EE753281}.Release|x86.Build.0 = Release|Win32
	EndGlobalSection
	GlobalSection(SolutionProperties) = preSolution
		HideSolutionNode = FALSE
	EndGlobalSection
	GlobalSection(ExtensibilityGlobals) = postSolution
		SolutionGuid = {C0BB9F84-4A63-4029-A700-80EB5F23D69B}
	EndGlobalSection
EndGlobal
